schema: '2.0'
stages:
  build_corpus:
    cmd: python -m rag.corpus.build
    deps:
    - path: data/raw/egyptian_civil_code.pdf
      hash: md5
      md5: 5086ef5f16f15d856278db943e58e948
      size: 2599703
      isexec: true
    - path: src/rag/corpus
      hash: md5
      md5: c727e568025b73fe12baacd9d3c9f0f3.dir
      size: 169679
      nfiles: 18
    params:
      params.yaml:
        corpus:
          pdf: data/raw/egyptian_civil_code.pdf
          output: data/processed/articles.json
          report: data/processed/corpus_report.json
          first_article: 1
          last_article: 1149
          repealed:
          - 54-80
          - 389-417
          line_merge_pt: 3.5
          min_chars: 15
          max_chars: 6000
          ar_en_length_ratio:
          - 0.35
          - 1.6
          part_corrections:
          - starts_at_book: 3
            number: 2
            title_en: Real Rights
            title_ar: الحقوق العينية
            source: https://qadaya.net/?p=6648
    outs:
    - path: data/processed/articles.json
      hash: md5
      md5: 24ae8e0eb4eac90354aca3163d296691
      size: 1962257
      isexec: true
    - path: data/processed/corpus_report.json
      hash: md5
      md5: 33574a230a897b50e066bbca0f8db930
      size: 46582
      isexec: true
  index:
    cmd: python -m rag.ingest --yes
    deps:
    - path: data/processed/articles.json
      hash: md5
      md5: 24ae8e0eb4eac90354aca3163d296691
      size: 1962257
      isexec: true
    - path: src/rag/corpus/hierarchy.py
      hash: md5
      md5: 7165b5b10014d58fb711567e543c5fbe
      size: 11901
      isexec: true
    - path: src/rag/corpus/normalize.py
      hash: md5
      md5: cd3367536e4aba678d7921268d01447a
      size: 464
      isexec: true
    - path: src/rag/ingest/__main__.py
      hash: md5
      md5: 3f89b1ea7174f274be941c51bb5a5ca2
      size: 13727
      isexec: true
    - path: src/rag/ingest/chunks.py
      hash: md5
      md5: 93bfe368574d6360c9fa0a8bbd64bfd4
      size: 6881
      isexec: true
    - path: src/rag/ingest/embed.py
      hash: md5
      md5: d82d60066aabed35357083ac11d22f1e
      size: 18573
      isexec: true
    - path: src/rag/ingest/store.py
      hash: md5
      md5: b30ae2dcbe004c40229a187b2837188a
      size: 3522
      isexec: true
    params:
      params.yaml:
        ingest:
          model: Qwen/Qwen3-Embedding-0.6B
          collection: civil_code
          index_dir: data/index/chroma
          report: data/processed/index_report.json
          normalize_arabic: false
          chunking:
            strategy: article
            chunk_size:
            overlap: 0
          max_chunk_tokens: 8192
          tokens_per_batch: 4096
          max_replicas: 4
          vram_margin_gb: 2.0
    outs:
    - path: data/index/chroma
      hash: md5
      md5: c750b29a43d136d4c20a7be1ec69610b.dir
      size: 23626624
      nfiles: 6
    - path: data/processed/index_report.json
      hash: md5
      md5: dd256f3cb2733be77bdc434bb9cc4911
      size: 2337
      isexec: true
